
Microsoft Visual Studio Solution File, Format Version 12.00
# Visual Studio Version 16
VisualStudioVersion = 16.0.30621.155
MinimumVisualStudioVersion = 10.0.40219.1
Project("{9A19103F-16F7-4668-BE54-9A1E7A4F7556}") = "WindowsFormsApp1", "WindowsFormsApp1\WindowsFormsApp1.csproj", "{231FDBF4-CBBC-4498-91D9-E14AC073D84C}"
EndProject
Project("{FAE04EC0-301F-11D3-BF4B-00C04F79EFBC}") = "WindowsFormsApp8", "WindowsFormsApp8\WindowsFormsApp8.csproj", "{CC25DF3D-5BB6-46BA-ACB7-657322252A74}"
EndProject
Global
	GlobalSection(SolutionConfigurationPlatforms) = preSolution
		Debug|Any CPU = Debug|Any CPU
		Release|Any CPU = Release|Any CPU
	EndGlobalSection
	GlobalSection(ProjectConfigurationPlatforms) = postSolution
		{231FDBF4-CBBC-4498-91D9-E14AC073D84C}.Debug|Any CPU.ActiveCfg = Debug|Any CPU
		{231FDBF4-CBBC-4498-91D9-E14AC073D84C}.Debug|Any CPU.Build.0 = Debug|Any CPU
		{231FDBF4-CBBC-4498-91D9-E14AC073D84C}.Release|Any CPU.ActiveCfg = Release|Any CPU
		{231FDBF4-CBBC-4498-91D9-E14AC073D84C}.Release|Any CPU.Build.0 = Release|Any CPU
		{CC25DF3D-5BB6-46BA-ACB7-657322252A74}.Debug|Any CPU.ActiveCfg = Debug|Any CPU
		{CC25DF3D-5BB6-46BA-ACB7-657322252A74}.Debug|Any CPU.Build.0 = Debug|Any CPU
		{CC25DF3D-5BB6-46BA-ACB7-657322252A74}.Release|Any CPU.ActiveCfg = Release|Any CPU
		{CC25DF3D-5BB6-46BA-ACB7-657322252A74}.Release|Any CPU.Build.0 = Release|Any CPU
	EndGlobalSection
	GlobalSection(SolutionProperties) = preSolution
		HideSolutionNode = FALSE
	EndGlobalSection
	GlobalSection(ExtensibilityGlobals) = postSolution
		SolutionGuid = {60D66D0A-7B27-4B5E-89F5-8E249F27C4A7}
	EndGlobalSection
EndGlobal
